// !$*UTF8*$!
{
	archiveVersion = 1;
	classes = {
	};
	objectVersion = 56;
	objects = {

/* Begin PBXBuildFile section */
		ECB00E322A90A1BB00313D1D /* FilmSearchSwiftUIApp.swift in Sources */ = {isa = PBXBuildFile; fileRef = ECB00E312A90A1BB00313D1D /* FilmSearchSwiftUIApp.swift */; };
		ECB00E342A90A1BB00313D1D /* FilmListView.swift in Sources */ = {isa = PBXBuildFile; fileRef = ECB00E332A90A1BB00313D1D /* FilmListView.swift */; };
		ECB00E362A90A1BC00313D1D /* Assets.xcassets in Resources */ = {isa = PBXBuildFile; fileRef = ECB00E352A90A1BC00313D1D /* Assets.xcassets */; };
		ECB00E392A90A1BC00313D1D /* Preview Assets.xcassets in Resources */ = {isa = PBXBuildFile; fileRef = ECB00E382A90A1BC00313D1D /* Preview Assets.xcassets */; };
		ECB00E452A90A24B00313D1D /* Film.swift in Sources */ = {isa = PBXBuildFile; fileRef = ECB00E442A90A24B00313D1D /* Film.swift */; };
		ECB00E482A90A86300313D1D /* DownloaderClient.swift in Sources */ = {isa = PBXBuildFile; fileRef = ECB00E472A90A86300313D1D /* DownloaderClient.swift */; };
		ECB00E4C2A90B8F800313D1D /* FilmViewModel.swift in Sources */ = {isa = PBXBuildFile; fileRef = ECB00E4B2A90B8F800313D1D /* FilmViewModel.swift */; };
		ECB00E4E2A90C48A00313D1D /* ImageDownloaderClient.swift in Sources */ = {isa = PBXBuildFile; fileRef = ECB00E4D2A90C48A00313D1D /* ImageDownloaderClient.swift */; };
		ECB00E502A90C5E300313D1D /* PrivateImage.swift in Sources */ = {isa = PBXBuildFile; fileRef = ECB00E4F2A90C5E300313D1D /* PrivateImage.swift */; };
		ECB00E522A90D71C00313D1D /* FilmDetail.swift in Sources */ = {isa = PBXBuildFile; fileRef = ECB00E512A90D71C00313D1D /* FilmDetail.swift */; };
		ECB00E542A90DAE300313D1D /* FilmDetailViewModel.swift in Sources */ = {isa = PBXBuildFile; fileRef = ECB00E532A90DAE300313D1D /* FilmDetailViewModel.swift */; };
		ECB00E562A90DDA400313D1D /* DetailView.swift in Sources */ = {isa = PBXBuildFile; fileRef = ECB00E552A90DDA400313D1D /* DetailView.swift */; };
/* End PBXBuildFile section */

/* Begin PBXFileReference section */
		ECB00E2E2A90A1BB00313D1D /* FilmSearchSwiftUI.app */ = {isa = PBXFileReference; explicitFileType = wrapper.application; includeInIndex = 0; path = FilmSearchSwiftUI.app; sourceTree = BUILT_PRODUCTS_DIR; };
		ECB00E312A90A1BB00313D1D /* FilmSearchSwiftUIApp.swift */ = {isa = PBXFileReference; lastKnownFileType = sourcecode.swift; path = FilmSearchSwiftUIApp.swift; sourceTree = "<group>"; };
		ECB00E332A90A1BB00313D1D /* FilmListView.swift */ = {isa = PBXFileReference; lastKnownFileType = sourcecode.swift; path = FilmListView.swift; sourceTree = "<group>"; };
		ECB00E352A90A1BC00313D1D /* Assets.xcassets */ = {isa = PBXFileReference; lastKnownFileType = folder.assetcatalog; path = Assets.xcassets; sourceTree = "<group>"; };
		ECB00E382A90A1BC00313D1D /* Preview Assets.xcassets */ = {isa = PBXFileReference; lastKnownFileType = folder.assetcatalog; path = "Preview Assets.xcassets"; sourceTree = "<group>"; };
		ECB00E442A90A24B00313D1D /* Film.swift */ = {isa = PBXFileReference; lastKnownFileType = sourcecode.swift; path = Film.swift; sourceTree = "<group>"; };
		ECB00E472A90A86300313D1D /* DownloaderClient.swift */ = {isa = PBXFileReference; lastKnownFileType = sourcecode.swift; path = DownloaderClient.swift; sourceTree = "<group>"; };
		ECB00E492A90AEE800313D1D /* Info.plist */ = {isa = PBXFileReference; lastKnownFileType = text.plist; path = Info.plist; sourceTree = "<group>"; };
		ECB00E4B2A90B8F800313D1D /* FilmViewModel.swift */ = {isa = PBXFileReference; lastKnownFileType = sourcecode.swift; path = FilmViewModel.swift; sourceTree = "<group>"; };
		ECB00E4D2A90C48A00313D1D /* ImageDownloaderClient.swift */ = {isa = PBXFileReference; lastKnownFileType = sourcecode.swift; path = ImageDownloaderClient.swift; sourceTree = "<group>"; };
		ECB00E4F2A90C5E300313D1D /* PrivateImage.swift */ = {isa = PBXFileReference; lastKnownFileType = sourcecode.swift; path = PrivateImage.swift; sourceTree = "<group>"; };
		ECB00E512A90D71C00313D1D /* FilmDetail.swift */ = {isa = PBXFileReference; lastKnownFileType = sourcecode.swift; path = FilmDetail.swift; sourceTree = "<group>"; };
		ECB00E532A90DAE300313D1D /* FilmDetailViewModel.swift */ = {isa = PBXFileReference; lastKnownFileType = sourcecode.swift; path = FilmDetailViewModel.swift; sourceTree = "<group>"; };
		ECB00E552A90DDA400313D1D /* DetailView.swift */ = {isa = PBXFileReference; lastKnownFileType = sourcecode.swift; path = DetailView.swift; sourceTree = "<group>"; };
/* End PBXFileReference section */

/* Begin PBXFrameworksBuildPhase section */
		ECB00E2B2A90A1BB00313D1D /* Frameworks */ = {
			isa = PBXFrameworksBuildPhase;
			buildActionMask = 2147483647;
			files = (
			);
			runOnlyForDeploymentPostprocessing = 0;
		};
/* End PBXFrameworksBuildPhase section */

/* Begin PBXGroup section */
		ECB00E252A90A1BB00313D1D = {
			isa = PBXGroup;
			children = (
				ECB00E302A90A1BB00313D1D /* FilmSearchSwiftUI */,
				ECB00E2F2A90A1BB00313D1D /* Products */,
			);
			sourceTree = "<group>";
		};
		ECB00E2F2A90A1BB00313D1D /* Products */ = {
			isa = PBXGroup;
			children = (
				ECB00E2E2A90A1BB00313D1D /* FilmSearchSwiftUI.app */,
			);
			name = Products;
			sourceTree = "<group>";
		};
		ECB00E302A90A1BB00313D1D /* FilmSearchSwiftUI */ = {
			isa = PBXGroup;
			children = (
				ECB00E492A90AEE800313D1D /* Info.plist */,
				ECB00E462A90A81300313D1D /* Service */,
				ECB00E432A90A22400313D1D /* App */,
				ECB00E422A90A21300313D1D /* View */,
				ECB00E402A90A20500313D1D /* ViewModel */,
				ECB00E3F2A90A1EF00313D1D /* Model */,
				ECB00E352A90A1BC00313D1D /* Assets.xcassets */,
				ECB00E372A90A1BC00313D1D /* Preview Content */,
			);
			path = FilmSearchSwiftUI;
			sourceTree = "<group>";
		};
		ECB00E372A90A1BC00313D1D /* Preview Content */ = {
			isa = PBXGroup;
			children = (
				ECB00E382A90A1BC00313D1D /* Preview Assets.xcassets */,
			);
			path = "Preview Content";
			sourceTree = "<group>";
		};
		ECB00E3F2A90A1EF00313D1D /* Model */ = {
			isa = PBXGroup;
			children = (
				ECB00E442A90A24B00313D1D /* Film.swift */,
				ECB00E512A90D71C00313D1D /* FilmDetail.swift */,
			);
			path = Model;
			sourceTree = "<group>";
		};
		ECB00E402A90A20500313D1D /* ViewModel */ = {
			isa = PBXGroup;
			children = (
				ECB00E4B2A90B8F800313D1D /* FilmViewModel.swift */,
				ECB00E532A90DAE300313D1D /* FilmDetailViewModel.swift */,
			);
			path = ViewModel;
			sourceTree = "<group>";
		};
		ECB00E422A90A21300313D1D /* View */ = {
			isa = PBXGroup;
			children = (
				ECB00E332A90A1BB00313D1D /* FilmListView.swift */,
				ECB00E4F2A90C5E300313D1D /* PrivateImage.swift */,
				ECB00E552A90DDA400313D1D /* DetailView.swift */,
			);
			path = View;
			sourceTree = "<group>";
		};
		ECB00E432A90A22400313D1D /* App */ = {
			isa = PBXGroup;
			children = (
				ECB00E312A90A1BB00313D1D /* FilmSearchSwiftUIApp.swift */,
			);
			path = App;
			sourceTree = "<group>";
		};
		ECB00E462A90A81300313D1D /* Service */ = {
			isa = PBXGroup;
			children = (
				ECB00E472A90A86300313D1D /* DownloaderClient.swift */,
				ECB00E4D2A90C48A00313D1D /* ImageDownloaderClient.swift */,
			);
			path = Service;
			sourceTree = "<group>";
		};
/* End PBXGroup section */

/* Begin PBXNativeTarget section */
		ECB00E2D2A90A1BB00313D1D /* FilmSearchSwiftUI */ = {
			isa = PBXNativeTarget;
			buildConfigurationList = ECB00E3C2A90A1BC00313D1D /* Build configuration list for PBXNativeTarget "FilmSearchSwiftUI" */;
			buildPhases = (
				ECB00E2A2A90A1BB00313D1D /* Sources */,
				ECB00E2B2A90A1BB00313D1D /* Frameworks */,
				ECB00E2C2A90A1BB00313D1D /* Resources */,
			);
			buildRules = (
			);
			dependencies = (
			);
			name = FilmSearchSwiftUI;
			productName = FilmSearchSwiftUI;
			productReference = ECB00E2E2A90A1BB00313D1D /* FilmSearchSwiftUI.app */;
			productType = "com.apple.product-type.application";
		};
/* End PBXNativeTarget section */

/* Begin PBXProject section */
		ECB00E262A90A1BB00313D1D /* Project object */ = {
			isa = PBXProject;
			attributes = {
				BuildIndependentTargetsInParallel = 1;
				LastSwiftUpdateCheck = 1430;
				LastUpgradeCheck = 1430;
				TargetAttributes = {
					ECB00E2D2A90A1BB00313D1D = {
						CreatedOnToolsVersion = 14.3.1;
					};
				};
			};
			buildConfigurationList = ECB00E292A90A1BB00313D1D /* Build configuration list for PBXProject "FilmSearchSwiftUI" */;
			compatibilityVersion = "Xcode 14.0";
			developmentRegion = en;
			hasScannedForEncodings = 0;
			knownRegions = (
				en,
				Base,
			);
			mainGroup = ECB00E252A90A1BB00313D1D;
			productRefGroup = ECB00E2F2A90A1BB00313D1D /* Products */;
			projectDirPath = "";
			projectRoot = "";
			targets = (
				ECB00E2D2A90A1BB00313D1D /* FilmSearchSwiftUI */,
			);
		};
/* End PBXProject section */

/* Begin PBXResourcesBuildPhase section */
		ECB00E2C2A90A1BB00313D1D /* Resources */ = {
			isa = PBXResourcesBuildPhase;
			buildActionMask = 2147483647;
			files = (
				ECB00E392A90A1BC00313D1D /* Preview Assets.xcassets in Resources */,
				ECB00E362A90A1BC00313D1D /* Assets.xcassets in Resources */,
			);
			runOnlyForDeploymentPostprocessing = 0;
		};
/* End PBXResourcesBuildPhase section */

/* Begin PBXSourcesBuildPhase section */
		ECB00E2A2A90A1BB00313D1D /* Sources */ = {
			isa = PBXSourcesBuildPhase;
			buildActionMask = 2147483647;
			files = (
				ECB00E342A90A1BB00313D1D /* FilmListView.swift in Sources */,
				ECB00E452A90A24B00313D1D /* Film.swift in Sources */,
				ECB00E4C2A90B8F800313D1D /* FilmViewModel.swift in Sources */,
				ECB00E562A90DDA400313D1D /* DetailView.swift in Sources */,
				ECB00E322A90A1BB00313D1D /* FilmSearchSwiftUIApp.swift in Sources */,
				ECB00E542A90DAE300313D1D /* FilmDetailViewModel.swift in Sources */,
				ECB00E482A90A86300313D1D /* DownloaderClient.swift in Sources */,
				ECB00E4E2A90C48A00313D1D /* ImageDownloaderClient.swift in Sources */,
				ECB00E522A90D71C00313D1D /* FilmDetail.swift in Sources */,
				ECB00E502A90C5E300313D1D /* PrivateImage.swift in Sources */,
			);
			runOnlyForDeploymentPostprocessing = 0;
		};
/* End PBXSourcesBuildPhase section */

/* Begin XCBuildConfiguration section */
		ECB00E3A2A90A1BC00313D1D /* Debug */ = {
			isa = XCBuildConfiguration;
			buildSettings = {
				ALWAYS_SEARCH_USER_PATHS = NO;
				CLANG_ANALYZER_NONNULL = YES;
				CLANG_ANALYZER_NUMBER_OBJECT_CONVERSION = YES_AGGRESSIVE;
				CLANG_CXX_LANGUAGE_STANDARD = "gnu++20";
				CLANG_ENABLE_MODULES = YES;
				CLANG_ENABLE_OBJC_ARC = YES;
				CLANG_ENABLE_OBJC_WEAK = YES;
				CLANG_WARN_BLOCK_CAPTURE_AUTORELEASING = YES;
				CLANG_WARN_BOOL_CONVERSION = YES;
				CLANG_WARN_COMMA = YES;
				CLANG_WARN_CONSTANT_CONVERSION = YES;
				CLANG_WARN_DEPRECATED_OBJC_IMPLEMENTATIONS = YES;
				CLANG_WARN_DIRECT_OBJC_ISA_USAGE = YES_ERROR;
				CLANG_WARN_DOCUMENTATION_COMMENTS = YES;
				CLANG_WARN_EMPTY_BODY = YES;
				CLANG_WARN_ENUM_CONVERSION = YES;
				CLANG_WARN_INFINITE_RECURSION = YES;
				CLANG_WARN_INT_CONVERSION = YES;
				CLANG_WARN_NON_LITERAL_NULL_CONVERSION = YES;
				CLANG_WARN_OBJC_IMPLICIT_RETAIN_SELF = YES;
				CLANG_WARN_OBJC_LITERAL_CONVERSION = YES;
				CLANG_WARN_OBJC_ROOT_CLASS = YES_ERROR;
				CLANG_WARN_QUOTED_INCLUDE_IN_FRAMEWORK_HEADER = YES;
				CLANG_WARN_RANGE_LOOP_ANALYSIS = YES;
				CLANG_WARN_STRICT_PROTOTYPES = YES;
				CLANG_WARN_SUSPICIOUS_MOVE = YES;
				CLANG_WARN_UNGUARDED_AVAILABILITY = YES_AGGRESSIVE;
				CLANG_WARN_UNREACHABLE_CODE = YES;
				CLANG_WARN__DUPLICATE_METHOD_MATCH = YES;
				COPY_PHASE_STRIP = NO;
				DEBUG_INFORMATION_FORMAT = dwarf;
				ENABLE_STRICT_OBJC_MSGSEND = YES;
				ENABLE_TESTABILITY = YES;
				GCC_C_LANGUAGE_STANDARD = gnu11;
				GCC_DYNAMIC_NO_PIC = NO;
				GCC_NO_COMMON_BLOCKS = YES;
				GCC_OPTIMIZATION_LEVEL = 0;
				GCC_PREPROCESSOR_DEFINITIONS = (
					"DEBUG=1",
					"$(inherited)",
				);
				GCC_WARN_64_TO_32_BIT_CONVERSION = YES;
				GCC_WARN_ABOUT_RETURN_TYPE = YES_ERROR;
				GCC_WARN_UNDECLARED_SELECTOR = YES;
				GCC_WARN_UNINITIALIZED_AUTOS = YES_AGGRESSIVE;
				GCC_WARN_UNUSED_FUNCTION = YES;
				GCC_WARN_UNUSED_VARIABLE = YES;
				IPHONEOS_DEPLOYMENT_TARGET = 16.4;
				MTL_ENABLE_DEBUG_INFO = INCLUDE_SOURCE;
				MTL_FAST_MATH = YES;
				ONLY_ACTIVE_ARCH = YES;
				SDKROOT = iphoneos;
				SWIFT_ACTIVE_COMPILATION_CONDITIONS = DEBUG;
				SWIFT_OPTIMIZATION_LEVEL = "-Onone";
			};
			name = Debug;
		};
		ECB00E3B2A90A1BC00313D1D /* Release */ = {
			isa = XCBuildConfiguration;
			buildSettings = {
				ALWAYS_SEARCH_USER_PATHS = NO;
				CLANG_ANALYZER_NONNULL = YES;
				CLANG_ANALYZER_NUMBER_OBJECT_CONVERSION = YES_AGGRESSIVE;
				CLANG_CXX_LANGUAGE_STANDARD = "gnu++20";
				CLANG_ENABLE_MODULES = YES;
				CLANG_ENABLE_OBJC_ARC = YES;
				CLANG_ENABLE_OBJC_WEAK = YES;
				CLANG_WARN_BLOCK_CAPTURE_AUTORELEASING = YES;
				CLANG_WARN_BOOL_CONVERSION = YES;
				CLANG_WARN_COMMA = YES;
				CLANG_WARN_CONSTANT_CONVERSION = YES;
				CLANG_WARN_DEPRECATED_OBJC_IMPLEMENTATIONS = YES;
				CLANG_WARN_DIRECT_OBJC_ISA_USAGE = YES_ERROR;
				CLANG_WARN_DOCUMENTATION_COMMENTS = YES;
				CLANG_WARN_EMPTY_BODY = YES;
				CLANG_WARN_ENUM_CONVERSION = YES;
				CLANG_WARN_INFINITE_RECURSION = YES;
				CLANG_WARN_INT_CONVERSION = YES;
				CLANG_WARN_NON_LITERAL_NULL_CONVERSION = YES;
				CLANG_WARN_OBJC_IMPLICIT_RETAIN_SELF = YES;
				CLANG_WARN_OBJC_LITERAL_CONVERSION = YES;
				CLANG_WARN_OBJC_ROOT_CLASS = YES_ERROR;
				CLANG_WARN_QUOTED_INCLUDE_IN_FRAMEWORK_HEADER = YES;
				CLANG_WARN_RANGE_LOOP_ANALYSIS = YES;
				CLANG_WARN_STRICT_PROTOTYPES = YES;
				CLANG_WARN_SUSPICIOUS_MOVE = YES;
				CLANG_WARN_UNGUARDED_AVAILABILITY = YES_AGGRESSIVE;
				CLANG_WARN_UNREACHABLE_CODE = YES;
				CLANG_WARN__DUPLICATE_METHOD_MATCH = YES;
				COPY_PHASE_STRIP = NO;
				DEBUG_INFORMATION_FORMAT = "dwarf-with-dsym";
				ENABLE_NS_ASSERTIONS = NO;
				ENABLE_STRICT_OBJC_MSGSEND = YES;
				GCC_C_LANGUAGE_STANDARD = gnu11;
				GCC_NO_COMMON_BLOCKS = YES;
				GCC_WARN_64_TO_32_BIT_CONVERSION = YES;
				GCC_WARN_ABOUT_RETURN_TYPE = YES_ERROR;
				GCC_WARN_UNDECLARED_SELECTOR = YES;
				GCC_WARN_UNINITIALIZED_AUTOS = YES_AGGRESSIVE;
				GCC_WARN_UNUSED_FUNCTION = YES;
				GCC_WARN_UNUSED_VARIABLE = YES;
				IPHONEOS_DEPLOYMENT_TARGET = 16.4;
				MTL_ENABLE_DEBUG_INFO = NO;
				MTL_FAST_MATH = YES;
				SDKROOT = iphoneos;
				SWIFT_COMPILATION_MODE = wholemodule;
				SWIFT_OPTIMIZATION_LEVEL = "-O";
				VALIDATE_PRODUCT = YES;
			};
			name = Release;
		};
		ECB00E3D2A90A1BC00313D1D /* Debug */ = {
			isa = XCBuildConfiguration;
			buildSettings = {
				ASSETCATALOG_COMPILER_APPICON_NAME = AppIcon;
				ASSETCATALOG_COMPILER_GLOBAL_ACCENT_COLOR_NAME = AccentColor;
				CODE_SIGN_STYLE = Automatic;
				CURRENT_PROJECT_VERSION = 1;
				DEVELOPMENT_ASSET_PATHS = "\"FilmSearchSwiftUI/Preview Content\"";
				DEVELOPMENT_TEAM = 5Q9PX5VT7H;
				ENABLE_PREVIEWS = YES;
				GENERATE_INFOPLIST_FILE = YES;
				INFOPLIST_FILE = FilmSearchSwiftUI/Info.plist;
				INFOPLIST_KEY_UIApplicationSceneManifest_Generation = YES;
				INFOPLIST_KEY_UIApplicationSupportsIndirectInputEvents = YES;
				INFOPLIST_KEY_UILaunchScreen_Generation = YES;
				INFOPLIST_KEY_UISupportedInterfaceOrientations_iPad = "UIInterfaceOrientationPortrait UIInterfaceOrientationPortraitUpsideDown UIInterfaceOrientationLandscapeLeft UIInterfaceOrientationLandscapeRight";
				INFOPLIST_KEY_UISupportedInterfaceOrientations_iPhone = "UIInterfaceOrientationPortrait UIInterfaceOrientationLandscapeLeft UIInterfaceOrientationLandscapeRight";
				LD_RUNPATH_SEARCH_PATHS = (
					"$(inherited)",
					"@executable_path/Frameworks",
				);
				MARKETING_VERSION = 1.0;
				PRODUCT_BUNDLE_IDENTIFIER = com.ykwiam.FilmSearchSwiftUI;
				PRODUCT_NAME = "$(TARGET_NAME)";
				SWIFT_EMIT_LOC_STRINGS = YES;
				SWIFT_VERSION = 5.0;
				TARGETED_DEVICE_FAMILY = "1,2";
			};
			name = Debug;
		};
		ECB00E3E2A90A1BC00313D1D /* Release */ = {
			isa = XCBuildConfiguration;
			buildSettings = {
				ASSETCATALOG_COMPILER_APPICON_NAME = AppIcon;
				ASSETCATALOG_COMPILER_GLOBAL_ACCENT_COLOR_NAME = AccentColor;
				CODE_SIGN_STYLE = Automatic;
				CURRENT_PROJECT_VERSION = 1;
				DEVELOPMENT_ASSET_PATHS = "\"FilmSearchSwiftUI/Preview Content\"";
				DEVELOPMENT_TEAM = 5Q9PX5VT7H;
				ENABLE_PREVIEWS = YES;
				GENERATE_INFOPLIST_FILE = YES;
				INFOPLIST_FILE = FilmSearchSwiftUI/Info.plist;
				INFOPLIST_KEY_UIApplicationSceneManifest_Generation = YES;
				INFOPLIST_KEY_UIApplicationSupportsIndirectInputEvents = YES;
				INFOPLIST_KEY_UILaunchScreen_Generation = YES;
				INFOPLIST_KEY_UISupportedInterfaceOrientations_iPad = "UIInterfaceOrientationPortrait UIInterfaceOrientationPortraitUpsideDown UIInterfaceOrientationLandscapeLeft UIInterfaceOrientationLandscapeRight";
				INFOPLIST_KEY_UISupportedInterfaceOrientations_iPhone = "UIInterfaceOrientationPortrait UIInterfaceOrientationLandscapeLeft UIInterfaceOrientationLandscapeRight";
				LD_RUNPATH_SEARCH_PATHS = (
					"$(inherited)",
					"@executable_path/Frameworks",
				);
				MARKETING_VERSION = 1.0;
				PRODUCT_BUNDLE_IDENTIFIER = com.ykwiam.FilmSearchSwiftUI;
				PRODUCT_NAME = "$(TARGET_NAME)";
				SWIFT_EMIT_LOC_STRINGS = YES;
				SWIFT_VERSION = 5.0;
				TARGETED_DEVICE_FAMILY = "1,2";
			};
			name = Release;
		};
/* End XCBuildConfiguration section */

/* Begin XCConfigurationList section */
		ECB00E292A90A1BB00313D1D /* Build configuration list for PBXProject "FilmSearchSwiftUI" */ = {
			isa = XCConfigurationList;
			buildConfigurations = (
				ECB00E3A2A90A1BC00313D1D /* Debug */,
				ECB00E3B2A90A1BC00313D1D /* Release */,
			);
			defaultConfigurationIsVisible = 0;
			defaultConfigurationName = Release;
		};
		ECB00E3C2A90A1BC00313D1D /* Build configuration list for PBXNativeTarget "FilmSearchSwiftUI" */ = {
			isa = XCConfigurationList;
			buildConfigurations = (
				ECB00E3D2A90A1BC00313D1D /* Debug */,
				ECB00E3E2A90A1BC00313D1D /* Release */,
			);
			defaultConfigurationIsVisible = 0;
			defaultConfigurationName = Release;
		};
/* End XCConfigurationList section */
	};
	rootObject = ECB00E262A90A1BB00313D1D /* Project object */;
}
